// !$*UTF8*$!
{
	archiveVersion = 1;
	classes = {
	};
	objectVersion = 56;
	objects = {

/* Begin PBXBuildFile section */
		1EEB34082BDE13D600326204 /* NoteList.swift in Sources */ = {isa = PBXBuildFile; fileRef = 1EEB34072BDE13D600326204 /* NoteList.swift */; };
		1EEB340A2BDE478B00326204 /* NewNote.swift in Sources */ = {isa = PBXBuildFile; fileRef = 1EEB34092BDE478B00326204 /* NewNote.swift */; };
		1EFA875F2BD8FD90003009A4 /* UtaMemoApp.swift in Sources */ = {isa = PBXBuildFile; fileRef = 1EFA875E2BD8FD90003009A4 /* UtaMemoApp.swift */; };
		1EFA87612BD8FD90003009A4 /* ContentView.swift in Sources */ = {isa = PBXBuildFile; fileRef = 1EFA87602BD8FD90003009A4 /* ContentView.swift */; };
		1EFA87632BD8FD91003009A4 /* Assets.xcassets in Resources */ = {isa = PBXBuildFile; fileRef = 1EFA87622BD8FD91003009A4 /* Assets.xcassets */; };
		1EFA87662BD8FD91003009A4 /* Preview Assets.xcassets in Resources */ = {isa = PBXBuildFile; fileRef = 1EFA87652BD8FD91003009A4 /* Preview Assets.xcassets */; };
		1EFA87722BD90510003009A4 /* EditNote.swift in Sources */ = {isa = PBXBuildFile; fileRef = 1EFA87712BD90510003009A4 /* EditNote.swift */; };
		1EFA87762BD907F2003009A4 /* SettingsPage.swift in Sources */ = {isa = PBXBuildFile; fileRef = 1EFA87752BD907F2003009A4 /* SettingsPage.swift */; };
		1EFA87782BD908AD003009A4 /* FolderPage.swift in Sources */ = {isa = PBXBuildFile; fileRef = 1EFA87772BD908AD003009A4 /* FolderPage.swift */; };
		1EFA877B2BD91C2E003009A4 /* CustomTab.swift in Sources */ = {isa = PBXBuildFile; fileRef = 1EFA877A2BD91C2E003009A4 /* CustomTab.swift */; };
		1EFA877F2BD93773003009A4 /* Home.swift in Sources */ = {isa = PBXBuildFile; fileRef = 1EFA877E2BD93773003009A4 /* Home.swift */; };
		1EFA87832BDA8113003009A4 /* floatingButton.swift in Sources */ = {isa = PBXBuildFile; fileRef = 1EFA87822BDA8113003009A4 /* floatingButton.swift */; };
		1EFA87872BDBB492003009A4 /* NoteModel.swift in Sources */ = {isa = PBXBuildFile; fileRef = 1EFA87862BDBB492003009A4 /* NoteModel.swift */; };
/* End PBXBuildFile section */

/* Begin PBXFileReference section */
		1EEB34072BDE13D600326204 /* NoteList.swift */ = {isa = PBXFileReference; lastKnownFileType = sourcecode.swift; path = NoteList.swift; sourceTree = "<group>"; };
		1EEB34092BDE478B00326204 /* NewNote.swift */ = {isa = PBXFileReference; lastKnownFileType = sourcecode.swift; path = NewNote.swift; sourceTree = "<group>"; };
		1EFA875B2BD8FD90003009A4 /* UtaMemo.app */ = {isa = PBXFileReference; explicitFileType = wrapper.application; includeInIndex = 0; path = UtaMemo.app; sourceTree = BUILT_PRODUCTS_DIR; };
		1EFA875E2BD8FD90003009A4 /* UtaMemoApp.swift */ = {isa = PBXFileReference; lastKnownFileType = sourcecode.swift; path = UtaMemoApp.swift; sourceTree = "<group>"; };
		1EFA87602BD8FD90003009A4 /* ContentView.swift */ = {isa = PBXFileReference; lastKnownFileType = sourcecode.swift; path = ContentView.swift; sourceTree = "<group>"; };
		1EFA87622BD8FD91003009A4 /* Assets.xcassets */ = {isa = PBXFileReference; lastKnownFileType = folder.assetcatalog; path = Assets.xcassets; sourceTree = "<group>"; };
		1EFA87652BD8FD91003009A4 /* Preview Assets.xcassets */ = {isa = PBXFileReference; lastKnownFileType = folder.assetcatalog; path = "Preview Assets.xcassets"; sourceTree = "<group>"; };
		1EFA87712BD90510003009A4 /* EditNote.swift */ = {isa = PBXFileReference; lastKnownFileType = sourcecode.swift; path = EditNote.swift; sourceTree = "<group>"; };
		1EFA87752BD907F2003009A4 /* SettingsPage.swift */ = {isa = PBXFileReference; lastKnownFileType = sourcecode.swift; path = SettingsPage.swift; sourceTree = "<group>"; };
		1EFA87772BD908AD003009A4 /* FolderPage.swift */ = {isa = PBXFileReference; lastKnownFileType = sourcecode.swift; path = FolderPage.swift; sourceTree = "<group>"; };
		1EFA877A2BD91C2E003009A4 /* CustomTab.swift */ = {isa = PBXFileReference; lastKnownFileType = sourcecode.swift; path = CustomTab.swift; sourceTree = "<group>"; };
		1EFA877E2BD93773003009A4 /* Home.swift */ = {isa = PBXFileReference; lastKnownFileType = sourcecode.swift; path = Home.swift; sourceTree = "<group>"; };
		1EFA87822BDA8113003009A4 /* floatingButton.swift */ = {isa = PBXFileReference; lastKnownFileType = sourcecode.swift; path = floatingButton.swift; sourceTree = "<group>"; };
		1EFA87862BDBB492003009A4 /* NoteModel.swift */ = {isa = PBXFileReference; lastKnownFileType = sourcecode.swift; path = NoteModel.swift; sourceTree = "<group>"; };
/* End PBXFileReference section */

/* Begin PBXFrameworksBuildPhase section */
		1EFA87582BD8FD90003009A4 /* Frameworks */ = {
			isa = PBXFrameworksBuildPhase;
			buildActionMask = 2147483647;
			files = (
			);
			runOnlyForDeploymentPostprocessing = 0;
		};
/* End PBXFrameworksBuildPhase section */

/* Begin PBXGroup section */
		1EFA87522BD8FD90003009A4 = {
			isa = PBXGroup;
			children = (
				1EFA875D2BD8FD90003009A4 /* UtaMemo */,
				1EFA875C2BD8FD90003009A4 /* Products */,
			);
			sourceTree = "<group>";
		};
		1EFA875C2BD8FD90003009A4 /* Products */ = {
			isa = PBXGroup;
			children = (
				1EFA875B2BD8FD90003009A4 /* UtaMemo.app */,
			);
			name = Products;
			sourceTree = "<group>";
		};
		1EFA875D2BD8FD90003009A4 /* UtaMemo */ = {
			isa = PBXGroup;
			children = (
				1EFA87792BD91BEF003009A4 /* Model */,
				1EFA876E2BD90430003009A4 /* Utility */,
				1EFA876D2BD903FA003009A4 /* View */,
				1EFA875E2BD8FD90003009A4 /* UtaMemoApp.swift */,
				1EFA87622BD8FD91003009A4 /* Assets.xcassets */,
				1EFA87642BD8FD91003009A4 /* Preview Content */,
			);
			path = UtaMemo;
			sourceTree = "<group>";
		};
		1EFA87642BD8FD91003009A4 /* Preview Content */ = {
			isa = PBXGroup;
			children = (
				1EFA87652BD8FD91003009A4 /* Preview Assets.xcassets */,
			);
			path = "Preview Content";
			sourceTree = "<group>";
		};
		1EFA876D2BD903FA003009A4 /* View */ = {
			isa = PBXGroup;
			children = (
				1EFA87822BDA8113003009A4 /* floatingButton.swift */,
				1EFA87602BD8FD90003009A4 /* ContentView.swift */,
				1EFA87752BD907F2003009A4 /* SettingsPage.swift */,
				1EFA87772BD908AD003009A4 /* FolderPage.swift */,
				1EFA877E2BD93773003009A4 /* Home.swift */,
				1EEB34072BDE13D600326204 /* NoteList.swift */,
				1EFA87712BD90510003009A4 /* EditNote.swift */,
				1EEB34092BDE478B00326204 /* NewNote.swift */,
			);
			path = View;
			sourceTree = "<group>";
		};
		1EFA876E2BD90430003009A4 /* Utility */ = {
			isa = PBXGroup;
			children = (
			);
			path = Utility;
			sourceTree = "<group>";
		};
		1EFA87792BD91BEF003009A4 /* Model */ = {
			isa = PBXGroup;
			children = (
				1EFA877A2BD91C2E003009A4 /* CustomTab.swift */,
				1EFA87862BDBB492003009A4 /* NoteModel.swift */,
			);
			path = Model;
			sourceTree = "<group>";
		};
/* End PBXGroup section */

/* Begin PBXNativeTarget section */
		1EFA875A2BD8FD90003009A4 /* UtaMemo */ = {
			isa = PBXNativeTarget;
			buildConfigurationList = 1EFA87692BD8FD91003009A4 /* Build configuration list for PBXNativeTarget "UtaMemo" */;
			buildPhases = (
				1EFA87572BD8FD90003009A4 /* Sources */,
				1EFA87582BD8FD90003009A4 /* Frameworks */,
				1EFA87592BD8FD90003009A4 /* Resources */,
			);
			buildRules = (
			);
			dependencies = (
			);
			name = UtaMemo;
			productName = UtaMemo;
			productReference = 1EFA875B2BD8FD90003009A4 /* UtaMemo.app */;
			productType = "com.apple.product-type.application";
		};
/* End PBXNativeTarget section */

/* Begin PBXProject section */
		1EFA87532BD8FD90003009A4 /* Project object */ = {
			isa = PBXProject;
			attributes = {
				BuildIndependentTargetsInParallel = 1;
				LastSwiftUpdateCheck = 1530;
				LastUpgradeCheck = 1530;
				TargetAttributes = {
					1EFA875A2BD8FD90003009A4 = {
						CreatedOnToolsVersion = 15.3;
					};
				};
			};
			buildConfigurationList = 1EFA87562BD8FD90003009A4 /* Build configuration list for PBXProject "UtaMemo" */;
			compatibilityVersion = "Xcode 14.0";
			developmentRegion = en;
			hasScannedForEncodings = 0;
			knownRegions = (
				en,
				Base,
			);
			mainGroup = 1EFA87522BD8FD90003009A4;
			productRefGroup = 1EFA875C2BD8FD90003009A4 /* Products */;
			projectDirPath = "";
			projectRoot = "";
			targets = (
				1EFA875A2BD8FD90003009A4 /* UtaMemo */,
			);
		};
/* End PBXProject section */

/* Begin PBXResourcesBuildPhase section */
		1EFA87592BD8FD90003009A4 /* Resources */ = {
			isa = PBXResourcesBuildPhase;
			buildActionMask = 2147483647;
			files = (
				1EFA87662BD8FD91003009A4 /* Preview Assets.xcassets in Resources */,
				1EFA87632BD8FD91003009A4 /* Assets.xcassets in Resources */,
			);
			runOnlyForDeploymentPostprocessing = 0;
		};
/* End PBXResourcesBuildPhase section */

/* Begin PBXSourcesBuildPhase section */
		1EFA87572BD8FD90003009A4 /* Sources */ = {
			isa = PBXSourcesBuildPhase;
			buildActionMask = 2147483647;
			files = (
				1EFA877B2BD91C2E003009A4 /* CustomTab.swift in Sources */,
				1EFA87872BDBB492003009A4 /* NoteModel.swift in Sources */,
				1EFA87722BD90510003009A4 /* EditNote.swift in Sources */,
				1EFA87612BD8FD90003009A4 /* ContentView.swift in Sources */,
				1EFA875F2BD8FD90003009A4 /* UtaMemoApp.swift in Sources */,
				1EFA87762BD907F2003009A4 /* SettingsPage.swift in Sources */,
				1EFA87782BD908AD003009A4 /* FolderPage.swift in Sources */,
				1EFA877F2BD93773003009A4 /* Home.swift in Sources */,
				1EFA87832BDA8113003009A4 /* floatingButton.swift in Sources */,
				1EEB34082BDE13D600326204 /* NoteList.swift in Sources */,
				1EEB340A2BDE478B00326204 /* NewNote.swift in Sources */,
			);
			runOnlyForDeploymentPostprocessing = 0;
		};
/* End PBXSourcesBuildPhase section */

/* Begin XCBuildConfiguration section */
		1EFA87672BD8FD91003009A4 /* Debug */ = {
			isa = XCBuildConfiguration;
			buildSettings = {
				ALWAYS_SEARCH_USER_PATHS = NO;
				ASSETCATALOG_COMPILER_GENERATE_SWIFT_ASSET_SYMBOL_EXTENSIONS = YES;
				CLANG_ANALYZER_NONNULL = YES;
				CLANG_ANALYZER_NUMBER_OBJECT_CONVERSION = YES_AGGRESSIVE;
				CLANG_CXX_LANGUAGE_STANDARD = "gnu++20";
				CLANG_ENABLE_MODULES = YES;
				CLANG_ENABLE_OBJC_ARC = YES;
				CLANG_ENABLE_OBJC_WEAK = YES;
				CLANG_WARN_BLOCK_CAPTURE_AUTORELEASING = YES;
				CLANG_WARN_BOOL_CONVERSION = YES;
				CLANG_WARN_COMMA = YES;
				CLANG_WARN_CONSTANT_CONVERSION = YES;
				CLANG_WARN_DEPRECATED_OBJC_IMPLEMENTATIONS = YES;
				CLANG_WARN_DIRECT_OBJC_ISA_USAGE = YES_ERROR;
				CLANG_WARN_DOCUMENTATION_COMMENTS = YES;
				CLANG_WARN_EMPTY_BODY = YES;
				CLANG_WARN_ENUM_CONVERSION = YES;
				CLANG_WARN_INFINITE_RECURSION = YES;
				CLANG_WARN_INT_CONVERSION = YES;
				CLANG_WARN_NON_LITERAL_NULL_CONVERSION = YES;
				CLANG_WARN_OBJC_IMPLICIT_RETAIN_SELF = YES;
				CLANG_WARN_OBJC_LITERAL_CONVERSION = YES;
				CLANG_WARN_OBJC_ROOT_CLASS = YES_ERROR;
				CLANG_WARN_QUOTED_INCLUDE_IN_FRAMEWORK_HEADER = YES;
				CLANG_WARN_RANGE_LOOP_ANALYSIS = YES;
				CLANG_WARN_STRICT_PROTOTYPES = YES;
				CLANG_WARN_SUSPICIOUS_MOVE = YES;
				CLANG_WARN_UNGUARDED_AVAILABILITY = YES_AGGRESSIVE;
				CLANG_WARN_UNREACHABLE_CODE = YES;
				CLANG_WARN__DUPLICATE_METHOD_MATCH = YES;
				COPY_PHASE_STRIP = NO;
				DEBUG_INFORMATION_FORMAT = dwarf;
				ENABLE_STRICT_OBJC_MSGSEND = YES;
				ENABLE_TESTABILITY = YES;
				ENABLE_USER_SCRIPT_SANDBOXING = YES;
				GCC_C_LANGUAGE_STANDARD = gnu17;
				GCC_DYNAMIC_NO_PIC = NO;
				GCC_NO_COMMON_BLOCKS = YES;
				GCC_OPTIMIZATION_LEVEL = 0;
				GCC_PREPROCESSOR_DEFINITIONS = (
					"DEBUG=1",
					"$(inherited)",
				);
				GCC_WARN_64_TO_32_BIT_CONVERSION = YES;
				GCC_WARN_ABOUT_RETURN_TYPE = YES_ERROR;
				GCC_WARN_UNDECLARED_SELECTOR = YES;
				GCC_WARN_UNINITIALIZED_AUTOS = YES_AGGRESSIVE;
				GCC_WARN_UNUSED_FUNCTION = YES;
				GCC_WARN_UNUSED_VARIABLE = YES;
				IPHONEOS_DEPLOYMENT_TARGET = 17.4;
				LOCALIZATION_PREFERS_STRING_CATALOGS = YES;
				MTL_ENABLE_DEBUG_INFO = INCLUDE_SOURCE;
				MTL_FAST_MATH = YES;
				ONLY_ACTIVE_ARCH = YES;
				SDKROOT = iphoneos;
				SWIFT_ACTIVE_COMPILATION_CONDITIONS = "DEBUG $(inherited)";
				SWIFT_OPTIMIZATION_LEVEL = "-Onone";
			};
			name = Debug;
		};
		1EFA87682BD8FD91003009A4 /* Release */ = {
			isa = XCBuildConfiguration;
			buildSettings = {
				ALWAYS_SEARCH_USER_PATHS = NO;
				ASSETCATALOG_COMPILER_GENERATE_SWIFT_ASSET_SYMBOL_EXTENSIONS = YES;
				CLANG_ANALYZER_NONNULL = YES;
				CLANG_ANALYZER_NUMBER_OBJECT_CONVERSION = YES_AGGRESSIVE;
				CLANG_CXX_LANGUAGE_STANDARD = "gnu++20";
				CLANG_ENABLE_MODULES = YES;
				CLANG_ENABLE_OBJC_ARC = YES;
				CLANG_ENABLE_OBJC_WEAK = YES;
				CLANG_WARN_BLOCK_CAPTURE_AUTORELEASING = YES;
				CLANG_WARN_BOOL_CONVERSION = YES;
				CLANG_WARN_COMMA = YES;
				CLANG_WARN_CONSTANT_CONVERSION = YES;
				CLANG_WARN_DEPRECATED_OBJC_IMPLEMENTATIONS = YES;
				CLANG_WARN_DIRECT_OBJC_ISA_USAGE = YES_ERROR;
				CLANG_WARN_DOCUMENTATION_COMMENTS = YES;
				CLANG_WARN_EMPTY_BODY = YES;
				CLANG_WARN_ENUM_CONVERSION = YES;
				CLANG_WARN_INFINITE_RECURSION = YES;
				CLANG_WARN_INT_CONVERSION = YES;
				CLANG_WARN_NON_LITERAL_NULL_CONVERSION = YES;
				CLANG_WARN_OBJC_IMPLICIT_RETAIN_SELF = YES;
				CLANG_WARN_OBJC_LITERAL_CONVERSION = YES;
				CLANG_WARN_OBJC_ROOT_CLASS = YES_ERROR;
				CLANG_WARN_QUOTED_INCLUDE_IN_FRAMEWORK_HEADER = YES;
				CLANG_WARN_RANGE_LOOP_ANALYSIS = YES;
				CLANG_WARN_STRICT_PROTOTYPES = YES;
				CLANG_WARN_SUSPICIOUS_MOVE = YES;
				CLANG_WARN_UNGUARDED_AVAILABILITY = YES_AGGRESSIVE;
				CLANG_WARN_UNREACHABLE_CODE = YES;
				CLANG_WARN__DUPLICATE_METHOD_MATCH = YES;
				COPY_PHASE_STRIP = NO;
				DEBUG_INFORMATION_FORMAT = "dwarf-with-dsym";
				ENABLE_NS_ASSERTIONS = NO;
				ENABLE_STRICT_OBJC_MSGSEND = YES;
				ENABLE_USER_SCRIPT_SANDBOXING = YES;
				GCC_C_LANGUAGE_STANDARD = gnu17;
				GCC_NO_COMMON_BLOCKS = YES;
				GCC_WARN_64_TO_32_BIT_CONVERSION = YES;
				GCC_WARN_ABOUT_RETURN_TYPE = YES_ERROR;
				GCC_WARN_UNDECLARED_SELECTOR = YES;
				GCC_WARN_UNINITIALIZED_AUTOS = YES_AGGRESSIVE;
				GCC_WARN_UNUSED_FUNCTION = YES;
				GCC_WARN_UNUSED_VARIABLE = YES;
				IPHONEOS_DEPLOYMENT_TARGET = 17.4;
				LOCALIZATION_PREFERS_STRING_CATALOGS = YES;
				MTL_ENABLE_DEBUG_INFO = NO;
				MTL_FAST_MATH = YES;
				SDKROOT = iphoneos;
				SWIFT_COMPILATION_MODE = wholemodule;
				VALIDATE_PRODUCT = YES;
			};
			name = Release;
		};
		1EFA876A2BD8FD91003009A4 /* Debug */ = {
			isa = XCBuildConfiguration;
			buildSettings = {
				ASSETCATALOG_COMPILER_APPICON_NAME = AppIcon;
				ASSETCATALOG_COMPILER_GLOBAL_ACCENT_COLOR_NAME = AccentColor;
				CODE_SIGN_STYLE = Automatic;
				CURRENT_PROJECT_VERSION = 1;
				DEVELOPMENT_ASSET_PATHS = "\"UtaMemo/Preview Content\"";
				DEVELOPMENT_TEAM = QL9QJ536JT;
				ENABLE_PREVIEWS = YES;
				GENERATE_INFOPLIST_FILE = YES;
				INFOPLIST_KEY_UIApplicationSceneManifest_Generation = YES;
				INFOPLIST_KEY_UIApplicationSupportsIndirectInputEvents = YES;
				INFOPLIST_KEY_UILaunchScreen_Generation = YES;
				INFOPLIST_KEY_UISupportedInterfaceOrientations_iPad = "UIInterfaceOrientationPortrait UIInterfaceOrientationPortraitUpsideDown UIInterfaceOrientationLandscapeLeft UIInterfaceOrientationLandscapeRight";
				INFOPLIST_KEY_UISupportedInterfaceOrientations_iPhone = "UIInterfaceOrientationPortrait UIInterfaceOrientationLandscapeLeft UIInterfaceOrientationLandscapeRight";
				LD_RUNPATH_SEARCH_PATHS = (
					"$(inherited)",
					"@executable_path/Frameworks",
				);
				MARKETING_VERSION = 1.0;
				PRODUCT_BUNDLE_IDENTIFIER = com.kouki.UtaMemo;
				PRODUCT_NAME = "$(TARGET_NAME)";
				SWIFT_EMIT_LOC_STRINGS = YES;
				SWIFT_VERSION = 5.0;
				TARGETED_DEVICE_FAMILY = "1,2";
			};
			name = Debug;
		};
		1EFA876B2BD8FD91003009A4 /* Release */ = {
			isa = XCBuildConfiguration;
			buildSettings = {
				ASSETCATALOG_COMPILER_APPICON_NAME = AppIcon;
				ASSETCATALOG_COMPILER_GLOBAL_ACCENT_COLOR_NAME = AccentColor;
				CODE_SIGN_STYLE = Automatic;
				CURRENT_PROJECT_VERSION = 1;
				DEVELOPMENT_ASSET_PATHS = "\"UtaMemo/Preview Content\"";
				DEVELOPMENT_TEAM = QL9QJ536JT;
				ENABLE_PREVIEWS = YES;
				GENERATE_INFOPLIST_FILE = YES;
				INFOPLIST_KEY_UIApplicationSceneManifest_Generation = YES;
				INFOPLIST_KEY_UIApplicationSupportsIndirectInputEvents = YES;
				INFOPLIST_KEY_UILaunchScreen_Generation = YES;
				INFOPLIST_KEY_UISupportedInterfaceOrientations_iPad = "UIInterfaceOrientationPortrait UIInterfaceOrientationPortraitUpsideDown UIInterfaceOrientationLandscapeLeft UIInterfaceOrientationLandscapeRight";
				INFOPLIST_KEY_UISupportedInterfaceOrientations_iPhone = "UIInterfaceOrientationPortrait UIInterfaceOrientationLandscapeLeft UIInterfaceOrientationLandscapeRight";
				LD_RUNPATH_SEARCH_PATHS = (
					"$(inherited)",
					"@executable_path/Frameworks",
				);
				MARKETING_VERSION = 1.0;
				PRODUCT_BUNDLE_IDENTIFIER = com.kouki.UtaMemo;
				PRODUCT_NAME = "$(TARGET_NAME)";
				SWIFT_EMIT_LOC_STRINGS = YES;
				SWIFT_VERSION = 5.0;
				TARGETED_DEVICE_FAMILY = "1,2";
			};
			name = Release;
		};
/* End XCBuildConfiguration section */

/* Begin XCConfigurationList section */
		1EFA87562BD8FD90003009A4 /* Build configuration list for PBXProject "UtaMemo" */ = {
			isa = XCConfigurationList;
			buildConfigurations = (
				1EFA87672BD8FD91003009A4 /* Debug */,
				1EFA87682BD8FD91003009A4 /* Release */,
			);
			defaultConfigurationIsVisible = 0;
			defaultConfigurationName = Release;
		};
		1EFA87692BD8FD91003009A4 /* Build configuration list for PBXNativeTarget "UtaMemo" */ = {
			isa = XCConfigurationList;
			buildConfigurations = (
				1EFA876A2BD8FD91003009A4 /* Debug */,
				1EFA876B2BD8FD91003009A4 /* Release */,
			);
			defaultConfigurationIsVisible = 0;
			defaultConfigurationName = Release;
		};
/* End XCConfigurationList section */
	};
	rootObject = 1EFA87532BD8FD90003009A4 /* Project object */;
}
